// !$*UTF8*$!
{
	archiveVersion = 1;
	classes = {
	};
	objectVersion = 55;
	objects = {

/* Begin PBXBuildFile section */
		D3138D7E27DF34CD008D9FF5 /* APICaller.swift in Sources */ = {isa = PBXBuildFile; fileRef = D3138D7D27DF34CD008D9FF5 /* APICaller.swift */; };
		D335F5CD27DF414C00565115 /* Movie.swift in Sources */ = {isa = PBXBuildFile; fileRef = D335F5CC27DF414C00565115 /* Movie.swift */; };
		D335F5CF27DF72F100565115 /* Extensions.swift in Sources */ = {isa = PBXBuildFile; fileRef = D335F5CE27DF72F100565115 /* Extensions.swift */; };
		D335F5D327E0773100565115 /* TitleCollectionViewCell.swift in Sources */ = {isa = PBXBuildFile; fileRef = D335F5D227E0773000565115 /* TitleCollectionViewCell.swift */; };
		D335F5D627E07A9700565115 /* SDWebImage in Frameworks */ = {isa = PBXBuildFile; productRef = D335F5D527E07A9700565115 /* SDWebImage */; };
		D335F5D827E07A9700565115 /* SDWebImageMapKit in Frameworks */ = {isa = PBXBuildFile; productRef = D335F5D727E07A9700565115 /* SDWebImageMapKit */; };
		D39B5A1C27D88F5B00AA9972 /* AppDelegate.swift in Sources */ = {isa = PBXBuildFile; fileRef = D39B5A1B27D88F5B00AA9972 /* AppDelegate.swift */; };
		D39B5A1E27D88F5B00AA9972 /* SceneDelegate.swift in Sources */ = {isa = PBXBuildFile; fileRef = D39B5A1D27D88F5B00AA9972 /* SceneDelegate.swift */; };
		D39B5A2027D88F5B00AA9972 /* MainTabBarViewController.swift in Sources */ = {isa = PBXBuildFile; fileRef = D39B5A1F27D88F5B00AA9972 /* MainTabBarViewController.swift */; };
		D39B5A2627D88F5B00AA9972 /* Netflix.xcdatamodeld in Sources */ = {isa = PBXBuildFile; fileRef = D39B5A2427D88F5B00AA9972 /* Netflix.xcdatamodeld */; };
		D39B5A2827D88F5D00AA9972 /* Assets.xcassets in Resources */ = {isa = PBXBuildFile; fileRef = D39B5A2727D88F5D00AA9972 /* Assets.xcassets */; };
		D39B5A2B27D88F5D00AA9972 /* LaunchScreen.storyboard in Resources */ = {isa = PBXBuildFile; fileRef = D39B5A2927D88F5D00AA9972 /* LaunchScreen.storyboard */; };
		D39B5A3427D891AF00AA9972 /* HomeViewController.swift in Sources */ = {isa = PBXBuildFile; fileRef = D39B5A3327D891AF00AA9972 /* HomeViewController.swift */; };
		D39B5A3627D891FF00AA9972 /* UpcomingViewController.swift in Sources */ = {isa = PBXBuildFile; fileRef = D39B5A3527D891FF00AA9972 /* UpcomingViewController.swift */; };
		D39B5A3827D8924300AA9972 /* SearchViewController.swift in Sources */ = {isa = PBXBuildFile; fileRef = D39B5A3727D8924300AA9972 /* SearchViewController.swift */; };
		D39B5A3A27D8929F00AA9972 /* DownloadViewController.swift in Sources */ = {isa = PBXBuildFile; fileRef = D39B5A3927D8929F00AA9972 /* DownloadViewController.swift */; };
		D39B5A4127D9D5C900AA9972 /* CollectionTableViewCell.swift in Sources */ = {isa = PBXBuildFile; fileRef = D39B5A4027D9D5C900AA9972 /* CollectionTableViewCell.swift */; };
		D39B5A7F27DB2E2900AA9972 /* HeroHeaderView.swift in Sources */ = {isa = PBXBuildFile; fileRef = D39B5A7E27DB2E2900AA9972 /* HeroHeaderView.swift */; };
/* End PBXBuildFile section */

/* Begin PBXFileReference section */
		D3138D7D27DF34CD008D9FF5 /* APICaller.swift */ = {isa = PBXFileReference; lastKnownFileType = sourcecode.swift; path = APICaller.swift; sourceTree = "<group>"; };
		D335F5CC27DF414C00565115 /* Movie.swift */ = {isa = PBXFileReference; lastKnownFileType = sourcecode.swift; path = Movie.swift; sourceTree = "<group>"; };
		D335F5CE27DF72F100565115 /* Extensions.swift */ = {isa = PBXFileReference; lastKnownFileType = sourcecode.swift; path = Extensions.swift; sourceTree = "<group>"; };
		D335F5D227E0773000565115 /* TitleCollectionViewCell.swift */ = {isa = PBXFileReference; lastKnownFileType = sourcecode.swift; path = TitleCollectionViewCell.swift; sourceTree = "<group>"; };
		D39B5A1827D88F5B00AA9972 /* Netflix.app */ = {isa = PBXFileReference; explicitFileType = wrapper.application; includeInIndex = 0; path = Netflix.app; sourceTree = BUILT_PRODUCTS_DIR; };
		D39B5A1B27D88F5B00AA9972 /* AppDelegate.swift */ = {isa = PBXFileReference; lastKnownFileType = sourcecode.swift; path = AppDelegate.swift; sourceTree = "<group>"; };
		D39B5A1D27D88F5B00AA9972 /* SceneDelegate.swift */ = {isa = PBXFileReference; lastKnownFileType = sourcecode.swift; path = SceneDelegate.swift; sourceTree = "<group>"; };
		D39B5A1F27D88F5B00AA9972 /* MainTabBarViewController.swift */ = {isa = PBXFileReference; lastKnownFileType = sourcecode.swift; path = MainTabBarViewController.swift; sourceTree = "<group>"; };
		D39B5A2527D88F5B00AA9972 /* Netflix.xcdatamodel */ = {isa = PBXFileReference; lastKnownFileType = wrapper.xcdatamodel; path = Netflix.xcdatamodel; sourceTree = "<group>"; };
		D39B5A2727D88F5D00AA9972 /* Assets.xcassets */ = {isa = PBXFileReference; lastKnownFileType = folder.assetcatalog; path = Assets.xcassets; sourceTree = "<group>"; };
		D39B5A2A27D88F5D00AA9972 /* Base */ = {isa = PBXFileReference; lastKnownFileType = file.storyboard; name = Base; path = Base.lproj/LaunchScreen.storyboard; sourceTree = "<group>"; };
		D39B5A2C27D88F5D00AA9972 /* Info.plist */ = {isa = PBXFileReference; lastKnownFileType = text.plist.xml; path = Info.plist; sourceTree = "<group>"; };
		D39B5A3327D891AF00AA9972 /* HomeViewController.swift */ = {isa = PBXFileReference; lastKnownFileType = sourcecode.swift; path = HomeViewController.swift; sourceTree = "<group>"; };
		D39B5A3527D891FF00AA9972 /* UpcomingViewController.swift */ = {isa = PBXFileReference; lastKnownFileType = sourcecode.swift; path = UpcomingViewController.swift; sourceTree = "<group>"; };
		D39B5A3727D8924300AA9972 /* SearchViewController.swift */ = {isa = PBXFileReference; lastKnownFileType = sourcecode.swift; path = SearchViewController.swift; sourceTree = "<group>"; };
		D39B5A3927D8929F00AA9972 /* DownloadViewController.swift */ = {isa = PBXFileReference; lastKnownFileType = sourcecode.swift; path = DownloadViewController.swift; sourceTree = "<group>"; };
		D39B5A4027D9D5C900AA9972 /* CollectionTableViewCell.swift */ = {isa = PBXFileReference; lastKnownFileType = sourcecode.swift; path = CollectionTableViewCell.swift; sourceTree = "<group>"; };
		D39B5A7E27DB2E2900AA9972 /* HeroHeaderView.swift */ = {isa = PBXFileReference; lastKnownFileType = sourcecode.swift; path = HeroHeaderView.swift; sourceTree = "<group>"; };
/* End PBXFileReference section */

/* Begin PBXFrameworksBuildPhase section */
		D39B5A1527D88F5B00AA9972 /* Frameworks */ = {
			isa = PBXFrameworksBuildPhase;
			buildActionMask = 2147483647;
			files = (
				D335F5D827E07A9700565115 /* SDWebImageMapKit in Frameworks */,
				D335F5D627E07A9700565115 /* SDWebImage in Frameworks */,
			);
			runOnlyForDeploymentPostprocessing = 0;
		};
/* End PBXFrameworksBuildPhase section */

/* Begin PBXGroup section */
		D39B5A0F27D88F5B00AA9972 = {
			isa = PBXGroup;
			children = (
				D39B5A1A27D88F5B00AA9972 /* Netflix */,
				D39B5A1927D88F5B00AA9972 /* Products */,
			);
			sourceTree = "<group>";
		};
		D39B5A1927D88F5B00AA9972 /* Products */ = {
			isa = PBXGroup;
			children = (
				D39B5A1827D88F5B00AA9972 /* Netflix.app */,
			);
			name = Products;
			sourceTree = "<group>";
		};
		D39B5A1A27D88F5B00AA9972 /* Netflix */ = {
			isa = PBXGroup;
			children = (
				D39B5A1B27D88F5B00AA9972 /* AppDelegate.swift */,
				D39B5A1D27D88F5B00AA9972 /* SceneDelegate.swift */,
				D39B5A3E27D9D2D900AA9972 /* Managers */,
				D39B5A3F27D9D2E200AA9972 /* Resources */,
				D39B5A3B27D9D23600AA9972 /* Models */,
				D39B5A3C27D9D24300AA9972 /* Views */,
				D39B5A3D27D9D25A00AA9972 /* ViewModels */,
				D39B5A3227D8916A00AA9972 /* Controllers */,
				D39B5A2727D88F5D00AA9972 /* Assets.xcassets */,
				D39B5A2927D88F5D00AA9972 /* LaunchScreen.storyboard */,
				D39B5A2C27D88F5D00AA9972 /* Info.plist */,
				D39B5A2427D88F5B00AA9972 /* Netflix.xcdatamodeld */,
			);
			path = Netflix;
			sourceTree = "<group>";
		};
		D39B5A3227D8916A00AA9972 /* Controllers */ = {
			isa = PBXGroup;
			children = (
				D39B5A1F27D88F5B00AA9972 /* MainTabBarViewController.swift */,
				D39B5A3327D891AF00AA9972 /* HomeViewController.swift */,
				D39B5A3527D891FF00AA9972 /* UpcomingViewController.swift */,
				D39B5A3727D8924300AA9972 /* SearchViewController.swift */,
				D39B5A3927D8929F00AA9972 /* DownloadViewController.swift */,
			);
			path = Controllers;
			sourceTree = "<group>";
		};
		D39B5A3B27D9D23600AA9972 /* Models */ = {
			isa = PBXGroup;
			children = (
				D335F5CC27DF414C00565115 /* Movie.swift */,
			);
			name = Models;
			sourceTree = "<group>";
		};
		D39B5A3C27D9D24300AA9972 /* Views */ = {
			isa = PBXGroup;
			children = (
				D39B5A4027D9D5C900AA9972 /* CollectionTableViewCell.swift */,
				D39B5A7E27DB2E2900AA9972 /* HeroHeaderView.swift */,
				D335F5D227E0773000565115 /* TitleCollectionViewCell.swift */,
			);
			name = Views;
			sourceTree = "<group>";
		};
		D39B5A3D27D9D25A00AA9972 /* ViewModels */ = {
			isa = PBXGroup;
			children = (
			);
			name = ViewModels;
			sourceTree = "<group>";
		};
		D39B5A3E27D9D2D900AA9972 /* Managers */ = {
			isa = PBXGroup;
			children = (
				D3138D7D27DF34CD008D9FF5 /* APICaller.swift */,
			);
			name = Managers;
			sourceTree = "<group>";
		};
		D39B5A3F27D9D2E200AA9972 /* Resources */ = {
			isa = PBXGroup;
			children = (
				D335F5CE27DF72F100565115 /* Extensions.swift */,
			);
			name = Resources;
			sourceTree = "<group>";
		};
/* End PBXGroup section */

/* Begin PBXNativeTarget section */
		D39B5A1727D88F5B00AA9972 /* Netflix */ = {
			isa = PBXNativeTarget;
			buildConfigurationList = D39B5A2F27D88F5D00AA9972 /* Build configuration list for PBXNativeTarget "Netflix" */;
			buildPhases = (
				D39B5A1427D88F5B00AA9972 /* Sources */,
				D39B5A1527D88F5B00AA9972 /* Frameworks */,
				D39B5A1627D88F5B00AA9972 /* Resources */,
			);
			buildRules = (
			);
			dependencies = (
			);
			name = Netflix;
			packageProductDependencies = (
				D335F5D527E07A9700565115 /* SDWebImage */,
				D335F5D727E07A9700565115 /* SDWebImageMapKit */,
			);
			productName = Netflix;
			productReference = D39B5A1827D88F5B00AA9972 /* Netflix.app */;
			productType = "com.apple.product-type.application";
		};
/* End PBXNativeTarget section */

/* Begin PBXProject section */
		D39B5A1027D88F5B00AA9972 /* Project object */ = {
			isa = PBXProject;
			attributes = {
				BuildIndependentTargetsInParallel = 1;
				LastSwiftUpdateCheck = 1320;
				LastUpgradeCheck = 1320;
				TargetAttributes = {
					D39B5A1727D88F5B00AA9972 = {
						CreatedOnToolsVersion = 13.2.1;
					};
				};
			};
			buildConfigurationList = D39B5A1327D88F5B00AA9972 /* Build configuration list for PBXProject "Netflix" */;
			compatibilityVersion = "Xcode 13.0";
			developmentRegion = en;
			hasScannedForEncodings = 0;
			knownRegions = (
				en,
				Base,
			);
			mainGroup = D39B5A0F27D88F5B00AA9972;
			packageReferences = (
				D335F5D427E07A9700565115 /* XCRemoteSwiftPackageReference "SDWebImage" */,
			);
			productRefGroup = D39B5A1927D88F5B00AA9972 /* Products */;
			projectDirPath = "";
			projectRoot = "";
			targets = (
				D39B5A1727D88F5B00AA9972 /* Netflix */,
			);
		};
/* End PBXProject section */

/* Begin PBXResourcesBuildPhase section */
		D39B5A1627D88F5B00AA9972 /* Resources */ = {
			isa = PBXResourcesBuildPhase;
			buildActionMask = 2147483647;
			files = (
				D39B5A2B27D88F5D00AA9972 /* LaunchScreen.storyboard in Resources */,
				D39B5A2827D88F5D00AA9972 /* Assets.xcassets in Resources */,
			);
			runOnlyForDeploymentPostprocessing = 0;
		};
/* End PBXResourcesBuildPhase section */

/* Begin PBXSourcesBuildPhase section */
		D39B5A1427D88F5B00AA9972 /* Sources */ = {
			isa = PBXSourcesBuildPhase;
			buildActionMask = 2147483647;
			files = (
				D39B5A3627D891FF00AA9972 /* UpcomingViewController.swift in Sources */,
				D39B5A3827D8924300AA9972 /* SearchViewController.swift in Sources */,
				D335F5CD27DF414C00565115 /* Movie.swift in Sources */,
				D39B5A3427D891AF00AA9972 /* HomeViewController.swift in Sources */,
				D39B5A2027D88F5B00AA9972 /* MainTabBarViewController.swift in Sources */,
				D39B5A7F27DB2E2900AA9972 /* HeroHeaderView.swift in Sources */,
				D39B5A1C27D88F5B00AA9972 /* AppDelegate.swift in Sources */,
				D335F5D327E0773100565115 /* TitleCollectionViewCell.swift in Sources */,
				D39B5A2627D88F5B00AA9972 /* Netflix.xcdatamodeld in Sources */,
				D335F5CF27DF72F100565115 /* Extensions.swift in Sources */,
				D39B5A3A27D8929F00AA9972 /* DownloadViewController.swift in Sources */,
				D3138D7E27DF34CD008D9FF5 /* APICaller.swift in Sources */,
				D39B5A4127D9D5C900AA9972 /* CollectionTableViewCell.swift in Sources */,
				D39B5A1E27D88F5B00AA9972 /* SceneDelegate.swift in Sources */,
			);
			runOnlyForDeploymentPostprocessing = 0;
		};
/* End PBXSourcesBuildPhase section */

/* Begin PBXVariantGroup section */
		D39B5A2927D88F5D00AA9972 /* LaunchScreen.storyboard */ = {
			isa = PBXVariantGroup;
			children = (
				D39B5A2A27D88F5D00AA9972 /* Base */,
			);
			name = LaunchScreen.storyboard;
			sourceTree = "<group>";
		};
/* End PBXVariantGroup section */

/* Begin XCBuildConfiguration section */
		D39B5A2D27D88F5D00AA9972 /* Debug */ = {
			isa = XCBuildConfiguration;
			buildSettings = {
				ALWAYS_SEARCH_USER_PATHS = NO;
				CLANG_ANALYZER_NONNULL = YES;
				CLANG_ANALYZER_NUMBER_OBJECT_CONVERSION = YES_AGGRESSIVE;
				CLANG_CXX_LANGUAGE_STANDARD = "gnu++17";
				CLANG_CXX_LIBRARY = "libc++";
				CLANG_ENABLE_MODULES = YES;
				CLANG_ENABLE_OBJC_ARC = YES;
				CLANG_ENABLE_OBJC_WEAK = YES;
				CLANG_WARN_BLOCK_CAPTURE_AUTORELEASING = YES;
				CLANG_WARN_BOOL_CONVERSION = YES;
				CLANG_WARN_COMMA = YES;
				CLANG_WARN_CONSTANT_CONVERSION = YES;
				CLANG_WARN_DEPRECATED_OBJC_IMPLEMENTATIONS = YES;
				CLANG_WARN_DIRECT_OBJC_ISA_USAGE = YES_ERROR;
				CLANG_WARN_DOCUMENTATION_COMMENTS = YES;
				CLANG_WARN_EMPTY_BODY = YES;
				CLANG_WARN_ENUM_CONVERSION = YES;
				CLANG_WARN_INFINITE_RECURSION = YES;
				CLANG_WARN_INT_CONVERSION = YES;
				CLANG_WARN_NON_LITERAL_NULL_CONVERSION = YES;
				CLANG_WARN_OBJC_IMPLICIT_RETAIN_SELF = YES;
				CLANG_WARN_OBJC_LITERAL_CONVERSION = YES;
				CLANG_WARN_OBJC_ROOT_CLASS = YES_ERROR;
				CLANG_WARN_QUOTED_INCLUDE_IN_FRAMEWORK_HEADER = YES;
				CLANG_WARN_RANGE_LOOP_ANALYSIS = YES;
				CLANG_WARN_STRICT_PROTOTYPES = YES;
				CLANG_WARN_SUSPICIOUS_MOVE = YES;
				CLANG_WARN_UNGUARDED_AVAILABILITY = YES_AGGRESSIVE;
				CLANG_WARN_UNREACHABLE_CODE = YES;
				CLANG_WARN__DUPLICATE_METHOD_MATCH = YES;
				COPY_PHASE_STRIP = NO;
				DEBUG_INFORMATION_FORMAT = dwarf;
				ENABLE_STRICT_OBJC_MSGSEND = YES;
				ENABLE_TESTABILITY = YES;
				GCC_C_LANGUAGE_STANDARD = gnu11;
				GCC_DYNAMIC_NO_PIC = NO;
				GCC_NO_COMMON_BLOCKS = YES;
				GCC_OPTIMIZATION_LEVEL = 0;
				GCC_PREPROCESSOR_DEFINITIONS = (
					"DEBUG=1",
					"$(inherited)",
				);
				GCC_WARN_64_TO_32_BIT_CONVERSION = YES;
				GCC_WARN_ABOUT_RETURN_TYPE = YES_ERROR;
				GCC_WARN_UNDECLARED_SELECTOR = YES;
				GCC_WARN_UNINITIALIZED_AUTOS = YES_AGGRESSIVE;
				GCC_WARN_UNUSED_FUNCTION = YES;
				GCC_WARN_UNUSED_VARIABLE = YES;
				IPHONEOS_DEPLOYMENT_TARGET = 15.2;
				MTL_ENABLE_DEBUG_INFO = INCLUDE_SOURCE;
				MTL_FAST_MATH = YES;
				ONLY_ACTIVE_ARCH = YES;
				SDKROOT = iphoneos;
				SWIFT_ACTIVE_COMPILATION_CONDITIONS = DEBUG;
				SWIFT_OPTIMIZATION_LEVEL = "-Onone";
			};
			name = Debug;
		};
		D39B5A2E27D88F5D00AA9972 /* Release */ = {
			isa = XCBuildConfiguration;
			buildSettings = {
				ALWAYS_SEARCH_USER_PATHS = NO;
				CLANG_ANALYZER_NONNULL = YES;
				CLANG_ANALYZER_NUMBER_OBJECT_CONVERSION = YES_AGGRESSIVE;
				CLANG_CXX_LANGUAGE_STANDARD = "gnu++17";
				CLANG_CXX_LIBRARY = "libc++";
				CLANG_ENABLE_MODULES = YES;
				CLANG_ENABLE_OBJC_ARC = YES;
				CLANG_ENABLE_OBJC_WEAK = YES;
				CLANG_WARN_BLOCK_CAPTURE_AUTORELEASING = YES;
				CLANG_WARN_BOOL_CONVERSION = YES;
				CLANG_WARN_COMMA = YES;
				CLANG_WARN_CONSTANT_CONVERSION = YES;
				CLANG_WARN_DEPRECATED_OBJC_IMPLEMENTATIONS = YES;
				CLANG_WARN_DIRECT_OBJC_ISA_USAGE = YES_ERROR;
				CLANG_WARN_DOCUMENTATION_COMMENTS = YES;
				CLANG_WARN_EMPTY_BODY = YES;
				CLANG_WARN_ENUM_CONVERSION = YES;
				CLANG_WARN_INFINITE_RECURSION = YES;
				CLANG_WARN_INT_CONVERSION = YES;
				CLANG_WARN_NON_LITERAL_NULL_CONVERSION = YES;
				CLANG_WARN_OBJC_IMPLICIT_RETAIN_SELF = YES;
				CLANG_WARN_OBJC_LITERAL_CONVERSION = YES;
				CLANG_WARN_OBJC_ROOT_CLASS = YES_ERROR;
				CLANG_WARN_QUOTED_INCLUDE_IN_FRAMEWORK_HEADER = YES;
				CLANG_WARN_RANGE_LOOP_ANALYSIS = YES;
				CLANG_WARN_STRICT_PROTOTYPES = YES;
				CLANG_WARN_SUSPICIOUS_MOVE = YES;
				CLANG_WARN_UNGUARDED_AVAILABILITY = YES_AGGRESSIVE;
				CLANG_WARN_UNREACHABLE_CODE = YES;
				CLANG_WARN__DUPLICATE_METHOD_MATCH = YES;
				COPY_PHASE_STRIP = NO;
				DEBUG_INFORMATION_FORMAT = "dwarf-with-dsym";
				ENABLE_NS_ASSERTIONS = NO;
				ENABLE_STRICT_OBJC_MSGSEND = YES;
				GCC_C_LANGUAGE_STANDARD = gnu11;
				GCC_NO_COMMON_BLOCKS = YES;
				GCC_WARN_64_TO_32_BIT_CONVERSION = YES;
				GCC_WARN_ABOUT_RETURN_TYPE = YES_ERROR;
				GCC_WARN_UNDECLARED_SELECTOR = YES;
				GCC_WARN_UNINITIALIZED_AUTOS = YES_AGGRESSIVE;
				GCC_WARN_UNUSED_FUNCTION = YES;
				GCC_WARN_UNUSED_VARIABLE = YES;
				IPHONEOS_DEPLOYMENT_TARGET = 15.2;
				MTL_ENABLE_DEBUG_INFO = NO;
				MTL_FAST_MATH = YES;
				SDKROOT = iphoneos;
				SWIFT_COMPILATION_MODE = wholemodule;
				SWIFT_OPTIMIZATION_LEVEL = "-O";
				VALIDATE_PRODUCT = YES;
			};
			name = Release;
		};
		D39B5A3027D88F5D00AA9972 /* Debug */ = {
			isa = XCBuildConfiguration;
			buildSettings = {
				ASSETCATALOG_COMPILER_APPICON_NAME = AppIcon;
				ASSETCATALOG_COMPILER_GLOBAL_ACCENT_COLOR_NAME = AccentColor;
				CODE_SIGN_STYLE = Automatic;
				CURRENT_PROJECT_VERSION = 1;
				DEVELOPMENT_TEAM = 95S4N2TWZ7;
				GENERATE_INFOPLIST_FILE = YES;
				INFOPLIST_FILE = Netflix/Info.plist;
				INFOPLIST_KEY_UIApplicationSupportsIndirectInputEvents = YES;
				INFOPLIST_KEY_UILaunchStoryboardName = LaunchScreen;
				INFOPLIST_KEY_UISupportedInterfaceOrientations_iPad = "UIInterfaceOrientationPortrait UIInterfaceOrientationPortraitUpsideDown UIInterfaceOrientationLandscapeLeft UIInterfaceOrientationLandscapeRight";
				INFOPLIST_KEY_UISupportedInterfaceOrientations_iPhone = "UIInterfaceOrientationPortrait UIInterfaceOrientationLandscapeLeft UIInterfaceOrientationLandscapeRight";
				LD_RUNPATH_SEARCH_PATHS = (
					"$(inherited)",
					"@executable_path/Frameworks",
				);
				MARKETING_VERSION = 1.0;
				PRODUCT_BUNDLE_IDENTIFIER = com.abylay.Netflix;
				PRODUCT_NAME = "$(TARGET_NAME)";
				SWIFT_EMIT_LOC_STRINGS = YES;
				SWIFT_VERSION = 5.0;
				TARGETED_DEVICE_FAMILY = "1,2";
			};
			name = Debug;
		};
		D39B5A3127D88F5D00AA9972 /* Release */ = {
			isa = XCBuildConfiguration;
			buildSettings = {
				ASSETCATALOG_COMPILER_APPICON_NAME = AppIcon;
				ASSETCATALOG_COMPILER_GLOBAL_ACCENT_COLOR_NAME = AccentColor;
				CODE_SIGN_STYLE = Automatic;
				CURRENT_PROJECT_VERSION = 1;
				DEVELOPMENT_TEAM = 95S4N2TWZ7;
				GENERATE_INFOPLIST_FILE = YES;
				INFOPLIST_FILE = Netflix/Info.plist;
				INFOPLIST_KEY_UIApplicationSupportsIndirectInputEvents = YES;
				INFOPLIST_KEY_UILaunchStoryboardName = LaunchScreen;
				INFOPLIST_KEY_UISupportedInterfaceOrientations_iPad = "UIInterfaceOrientationPortrait UIInterfaceOrientationPortraitUpsideDown UIInterfaceOrientationLandscapeLeft UIInterfaceOrientationLandscapeRight";
				INFOPLIST_KEY_UISupportedInterfaceOrientations_iPhone = "UIInterfaceOrientationPortrait UIInterfaceOrientationLandscapeLeft UIInterfaceOrientationLandscapeRight";
				LD_RUNPATH_SEARCH_PATHS = (
					"$(inherited)",
					"@executable_path/Frameworks",
				);
				MARKETING_VERSION = 1.0;
				PRODUCT_BUNDLE_IDENTIFIER = com.abylay.Netflix;
				PRODUCT_NAME = "$(TARGET_NAME)";
				SWIFT_EMIT_LOC_STRINGS = YES;
				SWIFT_VERSION = 5.0;
				TARGETED_DEVICE_FAMILY = "1,2";
			};
			name = Release;
		};
/* End XCBuildConfiguration section */

/* Begin XCConfigurationList section */
		D39B5A1327D88F5B00AA9972 /* Build configuration list for PBXProject "Netflix" */ = {
			isa = XCConfigurationList;
			buildConfigurations = (
				D39B5A2D27D88F5D00AA9972 /* Debug */,
				D39B5A2E27D88F5D00AA9972 /* Release */,
			);
			defaultConfigurationIsVisible = 0;
			defaultConfigurationName = Release;
		};
		D39B5A2F27D88F5D00AA9972 /* Build configuration list for PBXNativeTarget "Netflix" */ = {
			isa = XCConfigurationList;
			buildConfigurations = (
				D39B5A3027D88F5D00AA9972 /* Debug */,
				D39B5A3127D88F5D00AA9972 /* Release */,
			);
			defaultConfigurationIsVisible = 0;
			defaultConfigurationName = Release;
		};
/* End XCConfigurationList section */

/* Begin XCRemoteSwiftPackageReference section */
		D335F5D427E07A9700565115 /* XCRemoteSwiftPackageReference "SDWebImage" */ = {
			isa = XCRemoteSwiftPackageReference;
			repositoryURL = "https://github.com/SDWebImage/SDWebImage.git";
			requirement = {
				kind = upToNextMajorVersion;
				minimumVersion = 5.0.0;
			};
		};
/* End XCRemoteSwiftPackageReference section */

/* Begin XCSwiftPackageProductDependency section */
		D335F5D527E07A9700565115 /* SDWebImage */ = {
			isa = XCSwiftPackageProductDependency;
			package = D335F5D427E07A9700565115 /* XCRemoteSwiftPackageReference "SDWebImage" */;
			productName = SDWebImage;
		};
		D335F5D727E07A9700565115 /* SDWebImageMapKit */ = {
			isa = XCSwiftPackageProductDependency;
			package = D335F5D427E07A9700565115 /* XCRemoteSwiftPackageReference "SDWebImage" */;
			productName = SDWebImageMapKit;
		};
/* End XCSwiftPackageProductDependency section */

/* Begin XCVersionGroup section */
		D39B5A2427D88F5B00AA9972 /* Netflix.xcdatamodeld */ = {
			isa = XCVersionGroup;
			children = (
				D39B5A2527D88F5B00AA9972 /* Netflix.xcdatamodel */,
			);
			currentVersion = D39B5A2527D88F5B00AA9972 /* Netflix.xcdatamodel */;
			path = Netflix.xcdatamodeld;
			sourceTree = "<group>";
			versionGroupType = wrapper.xcdatamodel;
		};
/* End XCVersionGroup section */
	};
	rootObject = D39B5A1027D88F5B00AA9972 /* Project object */;
}
